schema: '2.0'
stages:
  data_ingestion:
    cmd: python src/data/make_dataset.py
    deps:
    - path: src/data/make_dataset.py
      hash: md5
      md5: c431386ed3fed301ab61e76e6599dd2b
      size: 3562
      isexec: true
    params:
      params.yaml:
        data_ingestion.test_size: 0.2
    outs:
    - path: data/raw
      hash: md5
      md5: 6d7c9717b531961233cd66af69381384.dir
      size: 817597
      nfiles: 2
  data_preprocessing:
    cmd: python src/data/pre_process.py
    deps:
    - path: data/raw
      hash: md5
      md5: 6d7c9717b531961233cd66af69381384.dir
      size: 817597
      nfiles: 2
    - path: src/data/pre_process.py
      hash: md5
      md5: 06ec0994b44517c8d64548dc2769bb4f
      size: 4153
      isexec: true
    outs:
    - path: data/processed
      hash: md5
      md5: 767f50a46129b7346647b34ff9620e40.dir
      size: 605486
      nfiles: 2
  feature_engineering:
    cmd: python src/features/build_features.py
    deps:
    - path: data/processed
      hash: md5
      md5: 767f50a46129b7346647b34ff9620e40.dir
      size: 605486
      nfiles: 2
    - path: src/features/build_features.py
      hash: md5
      md5: 2f8255a856a2749ffdc9810d1dfd2961
      size: 3831
      isexec: true
    params:
      params.yaml:
        feature_engineering.max_features: 3500
    outs:
    - path: data/features
      hash: md5
      md5: b56123fbfa859ce29712f00186b1ea84.dir
      size: 72721192
      nfiles: 2
  model_building:
    cmd: python src/model/model_building.py
    deps:
    - path: data/features
      hash: md5
      md5: b56123fbfa859ce29712f00186b1ea84.dir
      size: 72721192
      nfiles: 2
    - path: src/model/model_building.py
      hash: md5
      md5: 64e505049670515d2c588edfee9fadec
      size: 2347
      isexec: true
    outs:
    - path: models/model.pkl
      hash: md5
      md5: 44e063680e25d91b895cf3740c166219
      size: 28665
      isexec: true
  model_evaluation:
    cmd: python src/model/model_evaluation.py
    deps:
    - path: models/model.pkl
      hash: md5
      md5: 44e063680e25d91b895cf3740c166219
      size: 28665
      isexec: true
    - path: src/model/model_evaluation.py
      hash: md5
      md5: d67715f0f4f527d686d7fffc7dbfc787
      size: 5518
      isexec: true
    outs:
    - path: reports/experiment_info.json
      hash: md5
      md5: 595e4913a20aeeb5a6730df77cad7146
      size: 116
      isexec: true
    - path: reports/metrics.json
      hash: md5
      md5: e56f87fa68213d7642aa76b0973eae4a
      size: 139
      isexec: true
  model_registration:
    cmd: python src/model/register_model.py
    deps:
    - path: reports/experiment_info.json
      hash: md5
      md5: 595e4913a20aeeb5a6730df77cad7146
      size: 116
      isexec: true
    - path: src/model/register_model.py
      hash: md5
      md5: d69b81b31df4e7b17da7e2f798ee9255
      size: 2427
      isexec: true
